{
  "name": "math",
  "version": "1.0.0",
  "lockfileVersion": 1,
  "requires": true,
  "dependencies": {
    "wolfram-alpha-api": {
      "version": "https://products.wolframalpha.com/api/libraries/javascript/wolfram-alpha-api-1.0.0-rc.1.tgz",
      "integrity": "sha512-Ixpm2jwpZA6Q5n9LkLl7Sr42v6ycbM4uuY9BnyAp2J+j/m0QElINtiRMPy1GQUMhz9nDL3fcLganuOG5cFVaaQ=="
    }
  }
}
